
Microsoft Visual Studio Solution File, Format Version 11.00
# Visual Studio 2010
Project("{FAE04EC0-301F-11D3-BF4B-00C04F79EFBC}") = "OurUpload", "OurUpload\OurUpload.csproj", "{D448B87C-2E31-4FDC-981F-8E27E868C060}"
EndProject
Project("{FAE04EC0-301F-11D3-BF4B-00C04F79EFBC}") = "OurHelper", "OurHelper\OurHelper.csproj", "{BB5FDD10-FAFC-4AAF-BA55-8887290A298A}"
EndProject
Global
	GlobalSection(SolutionConfigurationPlatforms) = preSolution
		Debug|Any CPU = Debug|Any CPU
		Release|Any CPU = Release|Any CPU
	EndGlobalSection
	GlobalSection(ProjectConfigurationPlatforms) = postSolution
		{D448B87C-2E31-4FDC-981F-8E27E868C060}.Debug|Any CPU.ActiveCfg = Debug|Any CPU
		{D448B87C-2E31-4FDC-981F-8E27E868C060}.Debug|Any CPU.Build.0 = Debug|Any CPU
		{D448B87C-2E31-4FDC-981F-8E27E868C060}.Release|Any CPU.ActiveCfg = Release|Any CPU
		{D448B87C-2E31-4FDC-981F-8E27E868C060}.Release|Any CPU.Build.0 = Release|Any CPU
		{BB5FDD10-FAFC-4AAF-BA55-8887290A298A}.Debug|Any CPU.ActiveCfg = Debug|Any CPU
		{BB5FDD10-FAFC-4AAF-BA55-8887290A298A}.Debug|Any CPU.Build.0 = Debug|Any CPU
		{BB5FDD10-FAFC-4AAF-BA55-8887290A298A}.Release|Any CPU.ActiveCfg = Release|Any CPU
		{BB5FDD10-FAFC-4AAF-BA55-8887290A298A}.Release|Any CPU.Build.0 = Release|Any CPU
	EndGlobalSection
	GlobalSection(SolutionProperties) = preSolution
		HideSolutionNode = FALSE
	EndGlobalSection
EndGlobal
